
Microsoft Visual Studio Solution File, Format Version 12.00
Project("{FAE04EC0-301F-11D3-BF4B-00C04F79EFBC}") = "WhatsTodo", "WhatsTodo.csproj", "{D43E1284-7B82-48DA-BD38-4C8E717A6D8F}"
EndProject
Global
	GlobalSection(SolutionConfigurationPlatforms) = preSolution
		Debug|Any CPU = Debug|Any CPU
		Release|Any CPU = Release|Any CPU
	EndGlobalSection
	GlobalSection(ProjectConfigurationPlatforms) = postSolution
		{D43E1284-7B82-48DA-BD38-4C8E717A6D8F}.Debug|Any CPU.ActiveCfg = Debug|Any CPU
		{D43E1284-7B82-48DA-BD38-4C8E717A6D8F}.Debug|Any CPU.Build.0 = Debug|Any CPU
		{D43E1284-7B82-48DA-BD38-4C8E717A6D8F}.Release|Any CPU.ActiveCfg = Release|Any CPU
		{D43E1284-7B82-48DA-BD38-4C8E717A6D8F}.Release|Any CPU.Build.0 = Release|Any CPU
	EndGlobalSection
EndGlobal
